// !$*UTF8*$!
{
	archiveVersion = 1;
	classes = {
	};
	objectVersion = 56;
	objects = {

/* Begin PBXBuildFile section */
		242DF4532C58C5CE006D8627 /* OnboardingPageView.swift in Sources */ = {isa = PBXBuildFile; fileRef = 242DF4522C58C5CE006D8627 /* OnboardingPageView.swift */; };
		242DF4552C58C6C3006D8627 /* OnboardingTabView.swift in Sources */ = {isa = PBXBuildFile; fileRef = 242DF4542C58C6C3006D8627 /* OnboardingTabView.swift */; };
		242DF4572C5902F2006D8627 /* OnboardingProfileView.swift in Sources */ = {isa = PBXBuildFile; fileRef = 242DF4562C5902F2006D8627 /* OnboardingProfileView.swift */; };
		242DF4592C5A08B4006D8627 /* OnboardingLastPageView.swift in Sources */ = {isa = PBXBuildFile; fileRef = 242DF4582C5A08B4006D8627 /* OnboardingLastPageView.swift */; };
		444D2EC92C5767970019A966 /* PiPiApp.swift in Sources */ = {isa = PBXBuildFile; fileRef = 444D2EC82C5767970019A966 /* PiPiApp.swift */; };
		444D2ECB2C5767970019A966 /* ContentView.swift in Sources */ = {isa = PBXBuildFile; fileRef = 444D2ECA2C5767970019A966 /* ContentView.swift */; };
		444D2ECD2C5767980019A966 /* Assets.xcassets in Resources */ = {isa = PBXBuildFile; fileRef = 444D2ECC2C5767980019A966 /* Assets.xcassets */; };
		444D2ED02C5767980019A966 /* Preview Assets.xcassets in Resources */ = {isa = PBXBuildFile; fileRef = 444D2ECF2C5767980019A966 /* Preview Assets.xcassets */; };
		444D2ED82C576CE60019A966 /* Activity.swift in Sources */ = {isa = PBXBuildFile; fileRef = 444D2ED72C576CE60019A966 /* Activity.swift */; };
/* End PBXBuildFile section */

/* Begin PBXFileReference section */
		242DF4522C58C5CE006D8627 /* OnboardingPageView.swift */ = {isa = PBXFileReference; lastKnownFileType = sourcecode.swift; path = OnboardingPageView.swift; sourceTree = "<group>"; };
		242DF4542C58C6C3006D8627 /* OnboardingTabView.swift */ = {isa = PBXFileReference; lastKnownFileType = sourcecode.swift; path = OnboardingTabView.swift; sourceTree = "<group>"; };
		242DF4562C5902F2006D8627 /* OnboardingProfileView.swift */ = {isa = PBXFileReference; lastKnownFileType = sourcecode.swift; path = OnboardingProfileView.swift; sourceTree = "<group>"; };
		242DF4582C5A08B4006D8627 /* OnboardingLastPageView.swift */ = {isa = PBXFileReference; lastKnownFileType = sourcecode.swift; path = OnboardingLastPageView.swift; sourceTree = "<group>"; };
		444D2EC52C5767970019A966 /* PiPi.app */ = {isa = PBXFileReference; explicitFileType = wrapper.application; includeInIndex = 0; path = PiPi.app; sourceTree = BUILT_PRODUCTS_DIR; };
		444D2EC82C5767970019A966 /* PiPiApp.swift */ = {isa = PBXFileReference; lastKnownFileType = sourcecode.swift; path = PiPiApp.swift; sourceTree = "<group>"; };
		444D2ECA2C5767970019A966 /* ContentView.swift */ = {isa = PBXFileReference; lastKnownFileType = sourcecode.swift; path = ContentView.swift; sourceTree = "<group>"; };
		444D2ECC2C5767980019A966 /* Assets.xcassets */ = {isa = PBXFileReference; lastKnownFileType = folder.assetcatalog; path = Assets.xcassets; sourceTree = "<group>"; };
		444D2ECF2C5767980019A966 /* Preview Assets.xcassets */ = {isa = PBXFileReference; lastKnownFileType = folder.assetcatalog; path = "Preview Assets.xcassets"; sourceTree = "<group>"; };
		444D2ED72C576CE60019A966 /* Activity.swift */ = {isa = PBXFileReference; lastKnownFileType = sourcecode.swift; path = Activity.swift; sourceTree = "<group>"; };
/* End PBXFileReference section */

/* Begin PBXFrameworksBuildPhase section */
		444D2EC22C5767970019A966 /* Frameworks */ = {
			isa = PBXFrameworksBuildPhase;
			buildActionMask = 2147483647;
			files = (
			);
			runOnlyForDeploymentPostprocessing = 0;
		};
/* End PBXFrameworksBuildPhase section */

/* Begin PBXGroup section */
		242DF44E2C58BA34006D8627 /* Onboarding */ = {
			isa = PBXGroup;
			children = (
				242DF4542C58C6C3006D8627 /* OnboardingTabView.swift */,
				242DF4522C58C5CE006D8627 /* OnboardingPageView.swift */,
				242DF4582C5A08B4006D8627 /* OnboardingLastPageView.swift */,
				242DF4562C5902F2006D8627 /* OnboardingProfileView.swift */,
			);
			path = Onboarding;
			sourceTree = "<group>";
		};
		444D2EBC2C5767970019A966 = {
			isa = PBXGroup;
			children = (
				444D2EC72C5767970019A966 /* PiPi */,
				444D2EC62C5767970019A966 /* Products */,
			);
			sourceTree = "<group>";
		};
		444D2EC62C5767970019A966 /* Products */ = {
			isa = PBXGroup;
			children = (
				444D2EC52C5767970019A966 /* PiPi.app */,
			);
			name = Products;
			sourceTree = "<group>";
		};
		444D2EC72C5767970019A966 /* PiPi */ = {
			isa = PBXGroup;
			children = (
				444D2EC82C5767970019A966 /* PiPiApp.swift */,
				444D2ECA2C5767970019A966 /* ContentView.swift */,
				444D2EDA2C58AE9C0019A966 /* Resources */,
				444D2ED62C576CD10019A966 /* Model */,
				444D2EDC2C58AEC30019A966 /* Scenes */,
				444D2ECE2C5767980019A966 /* Preview Content */,
			);
			path = PiPi;
			sourceTree = "<group>";
		};
		444D2ECE2C5767980019A966 /* Preview Content */ = {
			isa = PBXGroup;
			children = (
				444D2ECF2C5767980019A966 /* Preview Assets.xcassets */,
			);
			path = "Preview Content";
			sourceTree = "<group>";
		};
		444D2ED62C576CD10019A966 /* Model */ = {
			isa = PBXGroup;
			children = (
				444D2ED72C576CE60019A966 /* Activity.swift */,
			);
			path = Model;
			sourceTree = "<group>";
		};
		444D2EDA2C58AE9C0019A966 /* Resources */ = {
			isa = PBXGroup;
			children = (
				444D2ECC2C5767980019A966 /* Assets.xcassets */,
			);
			path = Resources;
			sourceTree = "<group>";
		};
		444D2EDC2C58AEC30019A966 /* Scenes */ = {
			isa = PBXGroup;
			children = (
				242DF44E2C58BA34006D8627 /* Onboarding */,
			);
			path = Scenes;
			sourceTree = "<group>";
		};
/* End PBXGroup section */

/* Begin PBXNativeTarget section */
		444D2EC42C5767970019A966 /* PiPi */ = {
			isa = PBXNativeTarget;
			buildConfigurationList = 444D2ED32C5767980019A966 /* Build configuration list for PBXNativeTarget "PiPi" */;
			buildPhases = (
				444D2EC12C5767970019A966 /* Sources */,
				444D2EC22C5767970019A966 /* Frameworks */,
				444D2EC32C5767970019A966 /* Resources */,
			);
			buildRules = (
			);
			dependencies = (
			);
			name = PiPi;
			productName = PiPi;
			productReference = 444D2EC52C5767970019A966 /* PiPi.app */;
			productType = "com.apple.product-type.application";
		};
/* End PBXNativeTarget section */

/* Begin PBXProject section */
		444D2EBD2C5767970019A966 /* Project object */ = {
			isa = PBXProject;
			attributes = {
				BuildIndependentTargetsInParallel = 1;
				LastSwiftUpdateCheck = 1540;
				LastUpgradeCheck = 1540;
				TargetAttributes = {
					444D2EC42C5767970019A966 = {
						CreatedOnToolsVersion = 15.4;
					};
				};
			};
			buildConfigurationList = 444D2EC02C5767970019A966 /* Build configuration list for PBXProject "PiPi" */;
			compatibilityVersion = "Xcode 14.0";
			developmentRegion = en;
			hasScannedForEncodings = 0;
			knownRegions = (
				en,
				Base,
			);
			mainGroup = 444D2EBC2C5767970019A966;
			productRefGroup = 444D2EC62C5767970019A966 /* Products */;
			projectDirPath = "";
			projectRoot = "";
			targets = (
				444D2EC42C5767970019A966 /* PiPi */,
			);
		};
/* End PBXProject section */

/* Begin PBXResourcesBuildPhase section */
		444D2EC32C5767970019A966 /* Resources */ = {
			isa = PBXResourcesBuildPhase;
			buildActionMask = 2147483647;
			files = (
				444D2ED02C5767980019A966 /* Preview Assets.xcassets in Resources */,
				444D2ECD2C5767980019A966 /* Assets.xcassets in Resources */,
			);
			runOnlyForDeploymentPostprocessing = 0;
		};
/* End PBXResourcesBuildPhase section */

/* Begin PBXSourcesBuildPhase section */
		444D2EC12C5767970019A966 /* Sources */ = {
			isa = PBXSourcesBuildPhase;
			buildActionMask = 2147483647;
			files = (
				242DF4572C5902F2006D8627 /* OnboardingProfileView.swift in Sources */,
				242DF4552C58C6C3006D8627 /* OnboardingTabView.swift in Sources */,
				242DF4592C5A08B4006D8627 /* OnboardingLastPageView.swift in Sources */,
				242DF4532C58C5CE006D8627 /* OnboardingPageView.swift in Sources */,
				444D2ED82C576CE60019A966 /* Activity.swift in Sources */,
				444D2ECB2C5767970019A966 /* ContentView.swift in Sources */,
				444D2EC92C5767970019A966 /* PiPiApp.swift in Sources */,
			);
			runOnlyForDeploymentPostprocessing = 0;
		};
/* End PBXSourcesBuildPhase section */

/* Begin XCBuildConfiguration section */
		444D2ED12C5767980019A966 /* Debug */ = {
			isa = XCBuildConfiguration;
			buildSettings = {
				ALWAYS_SEARCH_USER_PATHS = NO;
				ASSETCATALOG_COMPILER_GENERATE_SWIFT_ASSET_SYMBOL_EXTENSIONS = YES;
				CLANG_ANALYZER_NONNULL = YES;
				CLANG_ANALYZER_NUMBER_OBJECT_CONVERSION = YES_AGGRESSIVE;
				CLANG_CXX_LANGUAGE_STANDARD = "gnu++20";
				CLANG_ENABLE_MODULES = YES;
				CLANG_ENABLE_OBJC_ARC = YES;
				CLANG_ENABLE_OBJC_WEAK = YES;
				CLANG_WARN_BLOCK_CAPTURE_AUTORELEASING = YES;
				CLANG_WARN_BOOL_CONVERSION = YES;
				CLANG_WARN_COMMA = YES;
				CLANG_WARN_CONSTANT_CONVERSION = YES;
				CLANG_WARN_DEPRECATED_OBJC_IMPLEMENTATIONS = YES;
				CLANG_WARN_DIRECT_OBJC_ISA_USAGE = YES_ERROR;
				CLANG_WARN_DOCUMENTATION_COMMENTS = YES;
				CLANG_WARN_EMPTY_BODY = YES;
				CLANG_WARN_ENUM_CONVERSION = YES;
				CLANG_WARN_INFINITE_RECURSION = YES;
				CLANG_WARN_INT_CONVERSION = YES;
				CLANG_WARN_NON_LITERAL_NULL_CONVERSION = YES;
				CLANG_WARN_OBJC_IMPLICIT_RETAIN_SELF = YES;
				CLANG_WARN_OBJC_LITERAL_CONVERSION = YES;
				CLANG_WARN_OBJC_ROOT_CLASS = YES_ERROR;
				CLANG_WARN_QUOTED_INCLUDE_IN_FRAMEWORK_HEADER = YES;
				CLANG_WARN_RANGE_LOOP_ANALYSIS = YES;
				CLANG_WARN_STRICT_PROTOTYPES = YES;
				CLANG_WARN_SUSPICIOUS_MOVE = YES;
				CLANG_WARN_UNGUARDED_AVAILABILITY = YES_AGGRESSIVE;
				CLANG_WARN_UNREACHABLE_CODE = YES;
				CLANG_WARN__DUPLICATE_METHOD_MATCH = YES;
				COPY_PHASE_STRIP = NO;
				DEBUG_INFORMATION_FORMAT = dwarf;
				ENABLE_STRICT_OBJC_MSGSEND = YES;
				ENABLE_TESTABILITY = YES;
				ENABLE_USER_SCRIPT_SANDBOXING = YES;
				GCC_C_LANGUAGE_STANDARD = gnu17;
				GCC_DYNAMIC_NO_PIC = NO;
				GCC_NO_COMMON_BLOCKS = YES;
				GCC_OPTIMIZATION_LEVEL = 0;
				GCC_PREPROCESSOR_DEFINITIONS = (
					"DEBUG=1",
					"$(inherited)",
				);
				GCC_WARN_64_TO_32_BIT_CONVERSION = YES;
				GCC_WARN_ABOUT_RETURN_TYPE = YES_ERROR;
				GCC_WARN_UNDECLARED_SELECTOR = YES;
				GCC_WARN_UNINITIALIZED_AUTOS = YES_AGGRESSIVE;
				GCC_WARN_UNUSED_FUNCTION = YES;
				GCC_WARN_UNUSED_VARIABLE = YES;
				IPHONEOS_DEPLOYMENT_TARGET = 17.5;
				LOCALIZATION_PREFERS_STRING_CATALOGS = YES;
				MTL_ENABLE_DEBUG_INFO = INCLUDE_SOURCE;
				MTL_FAST_MATH = YES;
				ONLY_ACTIVE_ARCH = YES;
				SDKROOT = iphoneos;
				SWIFT_ACTIVE_COMPILATION_CONDITIONS = "DEBUG $(inherited)";
				SWIFT_OPTIMIZATION_LEVEL = "-Onone";
			};
			name = Debug;
		};
		444D2ED22C5767980019A966 /* Release */ = {
			isa = XCBuildConfiguration;
			buildSettings = {
				ALWAYS_SEARCH_USER_PATHS = NO;
				ASSETCATALOG_COMPILER_GENERATE_SWIFT_ASSET_SYMBOL_EXTENSIONS = YES;
				CLANG_ANALYZER_NONNULL = YES;
				CLANG_ANALYZER_NUMBER_OBJECT_CONVERSION = YES_AGGRESSIVE;
				CLANG_CXX_LANGUAGE_STANDARD = "gnu++20";
				CLANG_ENABLE_MODULES = YES;
				CLANG_ENABLE_OBJC_ARC = YES;
				CLANG_ENABLE_OBJC_WEAK = YES;
				CLANG_WARN_BLOCK_CAPTURE_AUTORELEASING = YES;
				CLANG_WARN_BOOL_CONVERSION = YES;
				CLANG_WARN_COMMA = YES;
				CLANG_WARN_CONSTANT_CONVERSION = YES;
				CLANG_WARN_DEPRECATED_OBJC_IMPLEMENTATIONS = YES;
				CLANG_WARN_DIRECT_OBJC_ISA_USAGE = YES_ERROR;
				CLANG_WARN_DOCUMENTATION_COMMENTS = YES;
				CLANG_WARN_EMPTY_BODY = YES;
				CLANG_WARN_ENUM_CONVERSION = YES;
				CLANG_WARN_INFINITE_RECURSION = YES;
				CLANG_WARN_INT_CONVERSION = YES;
				CLANG_WARN_NON_LITERAL_NULL_CONVERSION = YES;
				CLANG_WARN_OBJC_IMPLICIT_RETAIN_SELF = YES;
				CLANG_WARN_OBJC_LITERAL_CONVERSION = YES;
				CLANG_WARN_OBJC_ROOT_CLASS = YES_ERROR;
				CLANG_WARN_QUOTED_INCLUDE_IN_FRAMEWORK_HEADER = YES;
				CLANG_WARN_RANGE_LOOP_ANALYSIS = YES;
				CLANG_WARN_STRICT_PROTOTYPES = YES;
				CLANG_WARN_SUSPICIOUS_MOVE = YES;
				CLANG_WARN_UNGUARDED_AVAILABILITY = YES_AGGRESSIVE;
				CLANG_WARN_UNREACHABLE_CODE = YES;
				CLANG_WARN__DUPLICATE_METHOD_MATCH = YES;
				COPY_PHASE_STRIP = NO;
				DEBUG_INFORMATION_FORMAT = "dwarf-with-dsym";
				ENABLE_NS_ASSERTIONS = NO;
				ENABLE_STRICT_OBJC_MSGSEND = YES;
				ENABLE_USER_SCRIPT_SANDBOXING = YES;
				GCC_C_LANGUAGE_STANDARD = gnu17;
				GCC_NO_COMMON_BLOCKS = YES;
				GCC_WARN_64_TO_32_BIT_CONVERSION = YES;
				GCC_WARN_ABOUT_RETURN_TYPE = YES_ERROR;
				GCC_WARN_UNDECLARED_SELECTOR = YES;
				GCC_WARN_UNINITIALIZED_AUTOS = YES_AGGRESSIVE;
				GCC_WARN_UNUSED_FUNCTION = YES;
				GCC_WARN_UNUSED_VARIABLE = YES;
				IPHONEOS_DEPLOYMENT_TARGET = 17.5;
				LOCALIZATION_PREFERS_STRING_CATALOGS = YES;
				MTL_ENABLE_DEBUG_INFO = NO;
				MTL_FAST_MATH = YES;
				SDKROOT = iphoneos;
				SWIFT_COMPILATION_MODE = wholemodule;
				VALIDATE_PRODUCT = YES;
			};
			name = Release;
		};
		444D2ED42C5767980019A966 /* Debug */ = {
			isa = XCBuildConfiguration;
			buildSettings = {
				ASSETCATALOG_COMPILER_APPICON_NAME = AppIcon;
				ASSETCATALOG_COMPILER_GLOBAL_ACCENT_COLOR_NAME = AccentColor;
				CODE_SIGN_STYLE = Automatic;
				CURRENT_PROJECT_VERSION = 1;
				DEVELOPMENT_ASSET_PATHS = "\"PiPi/Preview Content\"";
				DEVELOPMENT_TEAM = K3CQFPAA9A;
				ENABLE_PREVIEWS = YES;
				GENERATE_INFOPLIST_FILE = YES;
				INFOPLIST_KEY_UIApplicationSceneManifest_Generation = YES;
				INFOPLIST_KEY_UIApplicationSupportsIndirectInputEvents = YES;
				INFOPLIST_KEY_UILaunchScreen_Generation = YES;
				INFOPLIST_KEY_UISupportedInterfaceOrientations_iPad = "UIInterfaceOrientationPortrait UIInterfaceOrientationPortraitUpsideDown UIInterfaceOrientationLandscapeLeft UIInterfaceOrientationLandscapeRight";
				INFOPLIST_KEY_UISupportedInterfaceOrientations_iPhone = "UIInterfaceOrientationPortrait UIInterfaceOrientationLandscapeLeft UIInterfaceOrientationLandscapeRight";
				IPHONEOS_DEPLOYMENT_TARGET = 17.4;
				LD_RUNPATH_SEARCH_PATHS = (
					"$(inherited)",
					"@executable_path/Frameworks",
				);
				MARKETING_VERSION = 1.0;
				PRODUCT_BUNDLE_IDENTIFIER = com.koatmilk.PiPi;
				PRODUCT_NAME = "$(TARGET_NAME)";
				SWIFT_EMIT_LOC_STRINGS = YES;
				SWIFT_VERSION = 5.0;
				TARGETED_DEVICE_FAMILY = "1,2";
			};
			name = Debug;
		};
		444D2ED52C5767980019A966 /* Release */ = {
			isa = XCBuildConfiguration;
			buildSettings = {
				ASSETCATALOG_COMPILER_APPICON_NAME = AppIcon;
				ASSETCATALOG_COMPILER_GLOBAL_ACCENT_COLOR_NAME = AccentColor;
				CODE_SIGN_STYLE = Automatic;
				CURRENT_PROJECT_VERSION = 1;
				DEVELOPMENT_ASSET_PATHS = "\"PiPi/Preview Content\"";
				DEVELOPMENT_TEAM = K3CQFPAA9A;
				ENABLE_PREVIEWS = YES;
				GENERATE_INFOPLIST_FILE = YES;
				INFOPLIST_KEY_UIApplicationSceneManifest_Generation = YES;
				INFOPLIST_KEY_UIApplicationSupportsIndirectInputEvents = YES;
				INFOPLIST_KEY_UILaunchScreen_Generation = YES;
				INFOPLIST_KEY_UISupportedInterfaceOrientations_iPad = "UIInterfaceOrientationPortrait UIInterfaceOrientationPortraitUpsideDown UIInterfaceOrientationLandscapeLeft UIInterfaceOrientationLandscapeRight";
				INFOPLIST_KEY_UISupportedInterfaceOrientations_iPhone = "UIInterfaceOrientationPortrait UIInterfaceOrientationLandscapeLeft UIInterfaceOrientationLandscapeRight";
				IPHONEOS_DEPLOYMENT_TARGET = 17.4;
				LD_RUNPATH_SEARCH_PATHS = (
					"$(inherited)",
					"@executable_path/Frameworks",
				);
				MARKETING_VERSION = 1.0;
				PRODUCT_BUNDLE_IDENTIFIER = com.koatmilk.PiPi;
				PRODUCT_NAME = "$(TARGET_NAME)";
				SWIFT_EMIT_LOC_STRINGS = YES;
				SWIFT_VERSION = 5.0;
				TARGETED_DEVICE_FAMILY = "1,2";
			};
			name = Release;
		};
/* End XCBuildConfiguration section */

/* Begin XCConfigurationList section */
		444D2EC02C5767970019A966 /* Build configuration list for PBXProject "PiPi" */ = {
			isa = XCConfigurationList;
			buildConfigurations = (
				444D2ED12C5767980019A966 /* Debug */,
				444D2ED22C5767980019A966 /* Release */,
			);
			defaultConfigurationIsVisible = 0;
			defaultConfigurationName = Release;
		};
		444D2ED32C5767980019A966 /* Build configuration list for PBXNativeTarget "PiPi" */ = {
			isa = XCConfigurationList;
			buildConfigurations = (
				444D2ED42C5767980019A966 /* Debug */,
				444D2ED52C5767980019A966 /* Release */,
			);
			defaultConfigurationIsVisible = 0;
			defaultConfigurationName = Release;
		};
/* End XCConfigurationList section */
	};
	rootObject = 444D2EBD2C5767970019A966 /* Project object */;
}
