// !$*UTF8*$!
{
	archiveVersion = 1;
	classes = {
	};
	objectVersion = 56;
	objects = {

/* Begin PBXBuildFile section */
		242DF4532C58C5CE006D8627 /* OnboardingPageView.swift in Sources */ = {isa = PBXBuildFile; fileRef = 242DF4522C58C5CE006D8627 /* OnboardingPageView.swift */; };
		242DF4552C58C6C3006D8627 /* OnboardingTabView.swift in Sources */ = {isa = PBXBuildFile; fileRef = 242DF4542C58C6C3006D8627 /* OnboardingTabView.swift */; };
		242DF4572C5902F2006D8627 /* OnboardingProfileView.swift in Sources */ = {isa = PBXBuildFile; fileRef = 242DF4562C5902F2006D8627 /* OnboardingProfileView.swift */; };
		242DF4592C5A08B4006D8627 /* OnboardingLastPageView.swift in Sources */ = {isa = PBXBuildFile; fileRef = 242DF4582C5A08B4006D8627 /* OnboardingLastPageView.swift */; };
		24334D5E2C5E5AB300F1B66E /* ProfileView.swift in Sources */ = {isa = PBXBuildFile; fileRef = 24334D5D2C5E5AB300F1B66E /* ProfileView.swift */; };
		246339A62C5E60B900998095 /* UserProfile.swift in Sources */ = {isa = PBXBuildFile; fileRef = 246339A52C5E60B900998095 /* UserProfile.swift */; };
		444D2ECB2C5767970019A966 /* ContentView.swift in Sources */ = {isa = PBXBuildFile; fileRef = 444D2ECA2C5767970019A966 /* ContentView.swift */; };
		444D2ECD2C5767980019A966 /* Assets.xcassets in Resources */ = {isa = PBXBuildFile; fileRef = 444D2ECC2C5767980019A966 /* Assets.xcassets */; };
		444D2ED02C5767980019A966 /* Preview Assets.xcassets in Resources */ = {isa = PBXBuildFile; fileRef = 444D2ECF2C5767980019A966 /* Preview Assets.xcassets */; };
		444D2ED82C576CE60019A966 /* Activity.swift in Sources */ = {isa = PBXBuildFile; fileRef = 444D2ED72C576CE60019A966 /* Activity.swift */; };
		444D2EDF2C58B5A20019A966 /* HomeView.swift in Sources */ = {isa = PBXBuildFile; fileRef = 444D2EDE2C58B5A20019A966 /* HomeView.swift */; };
		444D2EE22C58BF790019A966 /* CategoryFilterView.swift in Sources */ = {isa = PBXBuildFile; fileRef = 444D2EE12C58BF790019A966 /* CategoryFilterView.swift */; };
		444D2EE62C58C9080019A966 /* TicketProfileButtonView.swift in Sources */ = {isa = PBXBuildFile; fileRef = 444D2EE52C58C9080019A966 /* TicketProfileButtonView.swift */; };
		444D2EE82C59B04A0019A966 /* ActivityCreateButton.swift in Sources */ = {isa = PBXBuildFile; fileRef = 444D2EE72C59B04A0019A966 /* ActivityCreateButton.swift */; };
		444D2EEB2C59BC2B0019A966 /* View+.swift in Sources */ = {isa = PBXBuildFile; fileRef = 444D2EEA2C59BC2B0019A966 /* View+.swift */; };
		444D2EEE2C59DB510019A966 /* ActivityCreateView.swift in Sources */ = {isa = PBXBuildFile; fileRef = 444D2EED2C59DB510019A966 /* ActivityCreateView.swift */; };
		444D2EF22C5B2BC60019A966 /* Coordinates.swift in Sources */ = {isa = PBXBuildFile; fileRef = 444D2EF12C5B2BC60019A966 /* Coordinates.swift */; };
		444D2EF42C5B2CD80019A966 /* LocationSelectView.swift in Sources */ = {isa = PBXBuildFile; fileRef = 444D2EF32C5B2CD80019A966 /* LocationSelectView.swift */; };
		444D2EF62C5B2D5A0019A966 /* CLLocationCoordinate2D+.swift in Sources */ = {isa = PBXBuildFile; fileRef = 444D2EF52C5B2D5A0019A966 /* CLLocationCoordinate2D+.swift */; };
		444D2EF72C5B5AA20019A966 /* PiPiApp.swift in Sources */ = {isa = PBXBuildFile; fileRef = 444D2EC82C5767970019A966 /* PiPiApp.swift */; };
		44CB71332C5B793A00CA5410 /* ActivityInformationFormView.swift in Sources */ = {isa = PBXBuildFile; fileRef = 44CB71322C5B793A00CA5410 /* ActivityInformationFormView.swift */; };
		44CB71362C5BA11B00CA5410 /* FirebaseDataManager.swift in Sources */ = {isa = PBXBuildFile; fileRef = 44CB71352C5BA11B00CA5410 /* FirebaseDataManager.swift */; };
		8D451A092C5A8E89005EA90A /* GoogleService-Info.plist in Resources */ = {isa = PBXBuildFile; fileRef = 8D451A082C5A8E89005EA90A /* GoogleService-Info.plist */; };
		8D451A0C2C5A8F38005EA90A /* FirebaseAnalytics in Frameworks */ = {isa = PBXBuildFile; productRef = 8D451A0B2C5A8F38005EA90A /* FirebaseAnalytics */; };
		8D451A0E2C5A8F38005EA90A /* FirebaseDatabase in Frameworks */ = {isa = PBXBuildFile; productRef = 8D451A0D2C5A8F38005EA90A /* FirebaseDatabase */; };
		8D451A102C5A994C005EA90A /* GenerateQRCodeView.swift in Sources */ = {isa = PBXBuildFile; fileRef = 8D451A0F2C5A994C005EA90A /* GenerateQRCodeView.swift */; };
		8D451A132C5AADE6005EA90A /* QRAuthView.swift in Sources */ = {isa = PBXBuildFile; fileRef = 8D451A122C5AADE6005EA90A /* QRAuthView.swift */; };
		8D451A1F2C5BD061005EA90A /* CodeScanner in Frameworks */ = {isa = PBXBuildFile; productRef = 8D451A1E2C5BD061005EA90A /* CodeScanner */; };
		8D5B59DA2C6095330096B5AF /* Date+.swift in Sources */ = {isa = PBXBuildFile; fileRef = 8D5B59D92C6095330096B5AF /* Date+.swift */; };
		8D8321592C5937CB00C9ABA1 /* TicketsView.swift in Sources */ = {isa = PBXBuildFile; fileRef = 8D8321582C5937CB00C9ABA1 /* TicketsView.swift */; };
		8D83215D2C59655800C9ABA1 /* TicketDetailView.swift in Sources */ = {isa = PBXBuildFile; fileRef = 8D83215C2C59655800C9ABA1 /* TicketDetailView.swift */; };
		8D83215F2C5967B900C9ABA1 /* TicketView.swift in Sources */ = {isa = PBXBuildFile; fileRef = 8D83215E2C5967B900C9ABA1 /* TicketView.swift */; };
		8D8321612C5968E400C9ABA1 /* TicketSegmentedControl.swift in Sources */ = {isa = PBXBuildFile; fileRef = 8D8321602C5968E400C9ABA1 /* TicketSegmentedControl.swift */; };
		D32FE2602C5E57960048FDBD /* SelectedMapView.swift in Sources */ = {isa = PBXBuildFile; fileRef = D32FE25F2C5E57960048FDBD /* SelectedMapView.swift */; };
		D3AE25262C5A5C28009BC64C /* iMessageConnect.swift in Sources */ = {isa = PBXBuildFile; fileRef = D3AE25252C5A5C28009BC64C /* iMessageConnect.swift */; };
		D3D0CB1F2C5E75A100075BF5 /* RegistrationStatusViewModel.swift in Sources */ = {isa = PBXBuildFile; fileRef = D3D0CB1E2C5E75A100075BF5 /* RegistrationStatusViewModel.swift */; };
		D3FFBBED2C58BA330042EAAD /* ActivityPinView.swift in Sources */ = {isa = PBXBuildFile; fileRef = D3FFBBEC2C58BA330042EAAD /* ActivityPinView.swift */; };
		D3FFBBEF2C58BB6A0042EAAD /* ActivityDetailView.swift in Sources */ = {isa = PBXBuildFile; fileRef = D3FFBBEE2C58BB6A0042EAAD /* ActivityDetailView.swift */; };
/* End PBXBuildFile section */

/* Begin PBXFileReference section */
		242DF4522C58C5CE006D8627 /* OnboardingPageView.swift */ = {isa = PBXFileReference; lastKnownFileType = sourcecode.swift; path = OnboardingPageView.swift; sourceTree = "<group>"; };
		242DF4542C58C6C3006D8627 /* OnboardingTabView.swift */ = {isa = PBXFileReference; lastKnownFileType = sourcecode.swift; path = OnboardingTabView.swift; sourceTree = "<group>"; };
		242DF4562C5902F2006D8627 /* OnboardingProfileView.swift */ = {isa = PBXFileReference; lastKnownFileType = sourcecode.swift; path = OnboardingProfileView.swift; sourceTree = "<group>"; };
		242DF4582C5A08B4006D8627 /* OnboardingLastPageView.swift */ = {isa = PBXFileReference; lastKnownFileType = sourcecode.swift; path = OnboardingLastPageView.swift; sourceTree = "<group>"; };
		24334D5D2C5E5AB300F1B66E /* ProfileView.swift */ = {isa = PBXFileReference; lastKnownFileType = sourcecode.swift; path = ProfileView.swift; sourceTree = "<group>"; };
		246339A52C5E60B900998095 /* UserProfile.swift */ = {isa = PBXFileReference; lastKnownFileType = sourcecode.swift; path = UserProfile.swift; sourceTree = "<group>"; };
		444D2EC52C5767970019A966 /* PiPi.app */ = {isa = PBXFileReference; explicitFileType = wrapper.application; includeInIndex = 0; path = PiPi.app; sourceTree = BUILT_PRODUCTS_DIR; };
		444D2EC82C5767970019A966 /* PiPiApp.swift */ = {isa = PBXFileReference; lastKnownFileType = sourcecode.swift; path = PiPiApp.swift; sourceTree = "<group>"; };
		444D2ECA2C5767970019A966 /* ContentView.swift */ = {isa = PBXFileReference; lastKnownFileType = sourcecode.swift; path = ContentView.swift; sourceTree = "<group>"; };
		444D2ECC2C5767980019A966 /* Assets.xcassets */ = {isa = PBXFileReference; lastKnownFileType = folder.assetcatalog; path = Assets.xcassets; sourceTree = "<group>"; };
		444D2ECF2C5767980019A966 /* Preview Assets.xcassets */ = {isa = PBXFileReference; lastKnownFileType = folder.assetcatalog; path = "Preview Assets.xcassets"; sourceTree = "<group>"; };
		444D2ED72C576CE60019A966 /* Activity.swift */ = {isa = PBXFileReference; lastKnownFileType = sourcecode.swift; path = Activity.swift; sourceTree = "<group>"; };
		444D2EDE2C58B5A20019A966 /* HomeView.swift */ = {isa = PBXFileReference; lastKnownFileType = sourcecode.swift; path = HomeView.swift; sourceTree = "<group>"; };
		444D2EE12C58BF790019A966 /* CategoryFilterView.swift */ = {isa = PBXFileReference; lastKnownFileType = sourcecode.swift; path = CategoryFilterView.swift; sourceTree = "<group>"; };
		444D2EE52C58C9080019A966 /* TicketProfileButtonView.swift */ = {isa = PBXFileReference; lastKnownFileType = sourcecode.swift; path = TicketProfileButtonView.swift; sourceTree = "<group>"; };
		444D2EE72C59B04A0019A966 /* ActivityCreateButton.swift */ = {isa = PBXFileReference; lastKnownFileType = sourcecode.swift; path = ActivityCreateButton.swift; sourceTree = "<group>"; };
		444D2EEA2C59BC2B0019A966 /* View+.swift */ = {isa = PBXFileReference; lastKnownFileType = sourcecode.swift; path = "View+.swift"; sourceTree = "<group>"; };
		444D2EED2C59DB510019A966 /* ActivityCreateView.swift */ = {isa = PBXFileReference; lastKnownFileType = sourcecode.swift; path = ActivityCreateView.swift; sourceTree = "<group>"; };
		444D2EF12C5B2BC60019A966 /* Coordinates.swift */ = {isa = PBXFileReference; lastKnownFileType = sourcecode.swift; path = Coordinates.swift; sourceTree = "<group>"; };
		444D2EF32C5B2CD80019A966 /* LocationSelectView.swift */ = {isa = PBXFileReference; lastKnownFileType = sourcecode.swift; path = LocationSelectView.swift; sourceTree = "<group>"; };
		444D2EF52C5B2D5A0019A966 /* CLLocationCoordinate2D+.swift */ = {isa = PBXFileReference; lastKnownFileType = sourcecode.swift; path = "CLLocationCoordinate2D+.swift"; sourceTree = "<group>"; };
		44CB71322C5B793A00CA5410 /* ActivityInformationFormView.swift */ = {isa = PBXFileReference; lastKnownFileType = sourcecode.swift; path = ActivityInformationFormView.swift; sourceTree = "<group>"; };
		44CB71352C5BA11B00CA5410 /* FirebaseDataManager.swift */ = {isa = PBXFileReference; lastKnownFileType = sourcecode.swift; path = FirebaseDataManager.swift; sourceTree = "<group>"; };
		8D451A082C5A8E89005EA90A /* GoogleService-Info.plist */ = {isa = PBXFileReference; fileEncoding = 4; lastKnownFileType = text.plist.xml; path = "GoogleService-Info.plist"; sourceTree = "<group>"; };
		8D451A0F2C5A994C005EA90A /* GenerateQRCodeView.swift */ = {isa = PBXFileReference; lastKnownFileType = sourcecode.swift; path = GenerateQRCodeView.swift; sourceTree = "<group>"; };
		8D451A112C5A9BEE005EA90A /* Info.plist */ = {isa = PBXFileReference; lastKnownFileType = text.plist; path = Info.plist; sourceTree = "<group>"; };
		8D451A122C5AADE6005EA90A /* QRAuthView.swift */ = {isa = PBXFileReference; lastKnownFileType = sourcecode.swift; path = QRAuthView.swift; sourceTree = "<group>"; };
		8D5B59D92C6095330096B5AF /* Date+.swift */ = {isa = PBXFileReference; lastKnownFileType = sourcecode.swift; path = "Date+.swift"; sourceTree = "<group>"; };
		8D8321582C5937CB00C9ABA1 /* TicketsView.swift */ = {isa = PBXFileReference; lastKnownFileType = sourcecode.swift; path = TicketsView.swift; sourceTree = "<group>"; };
		8D83215C2C59655800C9ABA1 /* TicketDetailView.swift */ = {isa = PBXFileReference; lastKnownFileType = sourcecode.swift; path = TicketDetailView.swift; sourceTree = "<group>"; };
		8D83215E2C5967B900C9ABA1 /* TicketView.swift */ = {isa = PBXFileReference; lastKnownFileType = sourcecode.swift; path = TicketView.swift; sourceTree = "<group>"; };
		8D8321602C5968E400C9ABA1 /* TicketSegmentedControl.swift */ = {isa = PBXFileReference; lastKnownFileType = sourcecode.swift; path = TicketSegmentedControl.swift; sourceTree = "<group>"; };
		D32FE25F2C5E57960048FDBD /* SelectedMapView.swift */ = {isa = PBXFileReference; lastKnownFileType = sourcecode.swift; path = SelectedMapView.swift; sourceTree = "<group>"; };
		D3AE25252C5A5C28009BC64C /* iMessageConnect.swift */ = {isa = PBXFileReference; lastKnownFileType = sourcecode.swift; path = iMessageConnect.swift; sourceTree = "<group>"; };
		D3D0CB1E2C5E75A100075BF5 /* RegistrationStatusViewModel.swift */ = {isa = PBXFileReference; lastKnownFileType = sourcecode.swift; path = RegistrationStatusViewModel.swift; sourceTree = "<group>"; };
		D3FFBBEC2C58BA330042EAAD /* ActivityPinView.swift */ = {isa = PBXFileReference; lastKnownFileType = sourcecode.swift; path = ActivityPinView.swift; sourceTree = "<group>"; };
		D3FFBBEE2C58BB6A0042EAAD /* ActivityDetailView.swift */ = {isa = PBXFileReference; lastKnownFileType = sourcecode.swift; path = ActivityDetailView.swift; sourceTree = "<group>"; };
/* End PBXFileReference section */

/* Begin PBXFrameworksBuildPhase section */
		444D2EC22C5767970019A966 /* Frameworks */ = {
			isa = PBXFrameworksBuildPhase;
			buildActionMask = 2147483647;
			files = (
				8D451A1F2C5BD061005EA90A /* CodeScanner in Frameworks */,
				8D451A0E2C5A8F38005EA90A /* FirebaseDatabase in Frameworks */,
				8D451A0C2C5A8F38005EA90A /* FirebaseAnalytics in Frameworks */,
			);
			runOnlyForDeploymentPostprocessing = 0;
		};
/* End PBXFrameworksBuildPhase section */

/* Begin PBXGroup section */
		242DF44E2C58BA34006D8627 /* Onboarding */ = {
			isa = PBXGroup;
			children = (
				242DF4542C58C6C3006D8627 /* OnboardingTabView.swift */,
				242DF4522C58C5CE006D8627 /* OnboardingPageView.swift */,
				242DF4582C5A08B4006D8627 /* OnboardingLastPageView.swift */,
				242DF4562C5902F2006D8627 /* OnboardingProfileView.swift */,
			);
			path = Onboarding;
			sourceTree = "<group>";
		};
		24334D5C2C5E570200F1B66E /* Profile */ = {
			isa = PBXGroup;
			children = (
				24334D5D2C5E5AB300F1B66E /* ProfileView.swift */,
			);
			path = Profile;
			sourceTree = "<group>";
		};
		444D2EBC2C5767970019A966 = {
			isa = PBXGroup;
			children = (
				444D2EC72C5767970019A966 /* PiPi */,
				444D2EC62C5767970019A966 /* Products */,
			);
			sourceTree = "<group>";
		};
		444D2EC62C5767970019A966 /* Products */ = {
			isa = PBXGroup;
			children = (
				444D2EC52C5767970019A966 /* PiPi.app */,
			);
			name = Products;
			sourceTree = "<group>";
		};
		444D2EC72C5767970019A966 /* PiPi */ = {
			isa = PBXGroup;
			children = (
				8D451A112C5A9BEE005EA90A /* Info.plist */,
				444D2EC82C5767970019A966 /* PiPiApp.swift */,
				444D2ECA2C5767970019A966 /* ContentView.swift */,
				8D451A082C5A8E89005EA90A /* GoogleService-Info.plist */,
				444D2EDA2C58AE9C0019A966 /* Resources */,
				444D2EE92C59BC150019A966 /* Extensions */,
				444D2ED62C576CD10019A966 /* Model */,
				44CB71342C5BA10300CA5410 /* Service */,
				444D2EDC2C58AEC30019A966 /* Scenes */,
				444D2ECE2C5767980019A966 /* Preview Content */,
			);
			path = PiPi;
			sourceTree = "<group>";
		};
		444D2ECE2C5767980019A966 /* Preview Content */ = {
			isa = PBXGroup;
			children = (
				444D2ECF2C5767980019A966 /* Preview Assets.xcassets */,
			);
			path = "Preview Content";
			sourceTree = "<group>";
		};
		444D2ED62C576CD10019A966 /* Model */ = {
			isa = PBXGroup;
			children = (
				444D2ED72C576CE60019A966 /* Activity.swift */,
				444D2EF12C5B2BC60019A966 /* Coordinates.swift */,
				246339A52C5E60B900998095 /* UserProfile.swift */,
			);
			path = Model;
			sourceTree = "<group>";
		};
		444D2EDA2C58AE9C0019A966 /* Resources */ = {
			isa = PBXGroup;
			children = (
				444D2ECC2C5767980019A966 /* Assets.xcassets */,
			);
			path = Resources;
			sourceTree = "<group>";
		};
		444D2EDC2C58AEC30019A966 /* Scenes */ = {
			isa = PBXGroup;
			children = (
				24334D5C2C5E570200F1B66E /* Profile */,
				D3FFBBE42C58B95C0042EAAD /* ActivityDetail */,
				8D8321562C5937B100C9ABA1 /* Tickets */,
				242DF44E2C58BA34006D8627 /* Onboarding */,
				444D2EDD2C58B53C0019A966 /* Home */,
				444D2EEC2C59DB3A0019A966 /* ActivityCreate */,
			);
			path = Scenes;
			sourceTree = "<group>";
		};
		444D2EDD2C58B53C0019A966 /* Home */ = {
			isa = PBXGroup;
			children = (
				444D2EDE2C58B5A20019A966 /* HomeView.swift */,
				444D2EE12C58BF790019A966 /* CategoryFilterView.swift */,
				444D2EE52C58C9080019A966 /* TicketProfileButtonView.swift */,
				444D2EE72C59B04A0019A966 /* ActivityCreateButton.swift */,
			);
			path = Home;
			sourceTree = "<group>";
		};
		444D2EE92C59BC150019A966 /* Extensions */ = {
			isa = PBXGroup;
			children = (
				444D2EEA2C59BC2B0019A966 /* View+.swift */,
				8D5B59D92C6095330096B5AF /* Date+.swift */,
				444D2EF52C5B2D5A0019A966 /* CLLocationCoordinate2D+.swift */,
			);
			path = Extensions;
			sourceTree = "<group>";
		};
		444D2EEC2C59DB3A0019A966 /* ActivityCreate */ = {
			isa = PBXGroup;
			children = (
				444D2EED2C59DB510019A966 /* ActivityCreateView.swift */,
				444D2EF32C5B2CD80019A966 /* LocationSelectView.swift */,
				44CB71322C5B793A00CA5410 /* ActivityInformationFormView.swift */,
			);
			path = ActivityCreate;
			sourceTree = "<group>";
		};
		44CB71342C5BA10300CA5410 /* Service */ = {
			isa = PBXGroup;
			children = (
				44CB71352C5BA11B00CA5410 /* FirebaseDataManager.swift */,
			);
			path = Service;
			sourceTree = "<group>";
		};
		8D8321562C5937B100C9ABA1 /* Tickets */ = {
			isa = PBXGroup;
			children = (
				8D8321632C59691900C9ABA1 /* Components */,
				8D8321622C59691400C9ABA1 /* Views */,
			);
			path = Tickets;
			sourceTree = "<group>";
		};
		8D8321622C59691400C9ABA1 /* Views */ = {
			isa = PBXGroup;
			children = (
				8D8321582C5937CB00C9ABA1 /* TicketsView.swift */,
				8D83215E2C5967B900C9ABA1 /* TicketView.swift */,
				8D451A0F2C5A994C005EA90A /* GenerateQRCodeView.swift */,
				8D451A122C5AADE6005EA90A /* QRAuthView.swift */,
			);
			path = Views;
			sourceTree = "<group>";
		};
		8D8321632C59691900C9ABA1 /* Components */ = {
			isa = PBXGroup;
			children = (
				8D83215C2C59655800C9ABA1 /* TicketDetailView.swift */,
				8D8321602C5968E400C9ABA1 /* TicketSegmentedControl.swift */,
			);
			path = Components;
			sourceTree = "<group>";
		};
		D3FFBBE42C58B95C0042EAAD /* ActivityDetail */ = {
			isa = PBXGroup;
			children = (
				D3FFBBEC2C58BA330042EAAD /* ActivityPinView.swift */,
				D3FFBBEE2C58BB6A0042EAAD /* ActivityDetailView.swift */,
				D3D0CB1E2C5E75A100075BF5 /* RegistrationStatusViewModel.swift */,
				D3AE25252C5A5C28009BC64C /* iMessageConnect.swift */,
				D32FE25F2C5E57960048FDBD /* SelectedMapView.swift */,
			);
			path = ActivityDetail;
			sourceTree = "<group>";
		};
/* End PBXGroup section */

/* Begin PBXNativeTarget section */
		444D2EC42C5767970019A966 /* PiPi */ = {
			isa = PBXNativeTarget;
			buildConfigurationList = 444D2ED32C5767980019A966 /* Build configuration list for PBXNativeTarget "PiPi" */;
			buildPhases = (
				444D2EC12C5767970019A966 /* Sources */,
				444D2EC22C5767970019A966 /* Frameworks */,
				444D2EC32C5767970019A966 /* Resources */,
			);
			buildRules = (
			);
			dependencies = (
			);
			name = PiPi;
			packageProductDependencies = (
				8D451A1E2C5BD061005EA90A /* CodeScanner */,
				8D451A0B2C5A8F38005EA90A /* FirebaseAnalytics */,
				8D451A0D2C5A8F38005EA90A /* FirebaseDatabase */,
			);
			productName = PiPi;
			productReference = 444D2EC52C5767970019A966 /* PiPi.app */;
			productType = "com.apple.product-type.application";
		};
/* End PBXNativeTarget section */

/* Begin PBXProject section */
		444D2EBD2C5767970019A966 /* Project object */ = {
			isa = PBXProject;
			attributes = {
				BuildIndependentTargetsInParallel = 1;
				LastSwiftUpdateCheck = 1540;
				LastUpgradeCheck = 1540;
				TargetAttributes = {
					444D2EC42C5767970019A966 = {
						CreatedOnToolsVersion = 15.4;
					};
				};
			};
			buildConfigurationList = 444D2EC02C5767970019A966 /* Build configuration list for PBXProject "PiPi" */;
			compatibilityVersion = "Xcode 14.0";
			developmentRegion = en;
			hasScannedForEncodings = 0;
			knownRegions = (
				en,
				Base,
			);
			mainGroup = 444D2EBC2C5767970019A966;
			packageReferences = (
				8D451A1D2C5BD061005EA90A /* XCRemoteSwiftPackageReference "CodeScanner" */,
				8D451A0A2C5A8F38005EA90A /* XCRemoteSwiftPackageReference "firebase-ios-sdk" */,
			);
			productRefGroup = 444D2EC62C5767970019A966 /* Products */;
			projectDirPath = "";
			projectRoot = "";
			targets = (
				444D2EC42C5767970019A966 /* PiPi */,
			);
		};
/* End PBXProject section */

/* Begin PBXResourcesBuildPhase section */
		444D2EC32C5767970019A966 /* Resources */ = {
			isa = PBXResourcesBuildPhase;
			buildActionMask = 2147483647;
			files = (
				444D2ED02C5767980019A966 /* Preview Assets.xcassets in Resources */,
				444D2ECD2C5767980019A966 /* Assets.xcassets in Resources */,
				8D451A092C5A8E89005EA90A /* GoogleService-Info.plist in Resources */,
			);
			runOnlyForDeploymentPostprocessing = 0;
		};
/* End PBXResourcesBuildPhase section */

/* Begin PBXSourcesBuildPhase section */
		444D2EC12C5767970019A966 /* Sources */ = {
			isa = PBXSourcesBuildPhase;
			buildActionMask = 2147483647;
			files = (
				8D451A102C5A994C005EA90A /* GenerateQRCodeView.swift in Sources */,
				44CB71362C5BA11B00CA5410 /* FirebaseDataManager.swift in Sources */,
				246339A62C5E60B900998095 /* UserProfile.swift in Sources */,
				444D2EF72C5B5AA20019A966 /* PiPiApp.swift in Sources */,
				444D2EF62C5B2D5A0019A966 /* CLLocationCoordinate2D+.swift in Sources */,
				D3AE25262C5A5C28009BC64C /* iMessageConnect.swift in Sources */,
				8D83215F2C5967B900C9ABA1 /* TicketView.swift in Sources */,
				242DF4572C5902F2006D8627 /* OnboardingProfileView.swift in Sources */,
				242DF4552C58C6C3006D8627 /* OnboardingTabView.swift in Sources */,
				444D2EF22C5B2BC60019A966 /* Coordinates.swift in Sources */,
				242DF4592C5A08B4006D8627 /* OnboardingLastPageView.swift in Sources */,
				242DF4532C58C5CE006D8627 /* OnboardingPageView.swift in Sources */,
				24334D5E2C5E5AB300F1B66E /* ProfileView.swift in Sources */,
				D3D0CB1F2C5E75A100075BF5 /* RegistrationStatusViewModel.swift in Sources */,
				444D2EF42C5B2CD80019A966 /* LocationSelectView.swift in Sources */,
				D32FE2602C5E57960048FDBD /* SelectedMapView.swift in Sources */,
				444D2ED82C576CE60019A966 /* Activity.swift in Sources */,
				444D2EDF2C58B5A20019A966 /* HomeView.swift in Sources */,
				444D2EE82C59B04A0019A966 /* ActivityCreateButton.swift in Sources */,
				444D2EE22C58BF790019A966 /* CategoryFilterView.swift in Sources */,
				8D451A132C5AADE6005EA90A /* QRAuthView.swift in Sources */,
				444D2EEB2C59BC2B0019A966 /* View+.swift in Sources */,
				444D2EE62C58C9080019A966 /* TicketProfileButtonView.swift in Sources */,
				444D2ECB2C5767970019A966 /* ContentView.swift in Sources */,
				8D5B59DA2C6095330096B5AF /* Date+.swift in Sources */,
				444D2EEE2C59DB510019A966 /* ActivityCreateView.swift in Sources */,
				D3FFBBED2C58BA330042EAAD /* ActivityPinView.swift in Sources */,
				D3FFBBEF2C58BB6A0042EAAD /* ActivityDetailView.swift in Sources */,
				8D8321592C5937CB00C9ABA1 /* TicketsView.swift in Sources */,
				8D83215D2C59655800C9ABA1 /* TicketDetailView.swift in Sources */,
				44CB71332C5B793A00CA5410 /* ActivityInformationFormView.swift in Sources */,
				8D8321612C5968E400C9ABA1 /* TicketSegmentedControl.swift in Sources */,
			);
			runOnlyForDeploymentPostprocessing = 0;
		};
/* End PBXSourcesBuildPhase section */

/* Begin XCBuildConfiguration section */
		444D2ED12C5767980019A966 /* Debug */ = {
			isa = XCBuildConfiguration;
			buildSettings = {
				ALWAYS_SEARCH_USER_PATHS = NO;
				ASSETCATALOG_COMPILER_GENERATE_SWIFT_ASSET_SYMBOL_EXTENSIONS = YES;
				CLANG_ANALYZER_NONNULL = YES;
				CLANG_ANALYZER_NUMBER_OBJECT_CONVERSION = YES_AGGRESSIVE;
				CLANG_CXX_LANGUAGE_STANDARD = "gnu++20";
				CLANG_ENABLE_MODULES = YES;
				CLANG_ENABLE_OBJC_ARC = YES;
				CLANG_ENABLE_OBJC_WEAK = YES;
				CLANG_WARN_BLOCK_CAPTURE_AUTORELEASING = YES;
				CLANG_WARN_BOOL_CONVERSION = YES;
				CLANG_WARN_COMMA = YES;
				CLANG_WARN_CONSTANT_CONVERSION = YES;
				CLANG_WARN_DEPRECATED_OBJC_IMPLEMENTATIONS = YES;
				CLANG_WARN_DIRECT_OBJC_ISA_USAGE = YES_ERROR;
				CLANG_WARN_DOCUMENTATION_COMMENTS = YES;
				CLANG_WARN_EMPTY_BODY = YES;
				CLANG_WARN_ENUM_CONVERSION = YES;
				CLANG_WARN_INFINITE_RECURSION = YES;
				CLANG_WARN_INT_CONVERSION = YES;
				CLANG_WARN_NON_LITERAL_NULL_CONVERSION = YES;
				CLANG_WARN_OBJC_IMPLICIT_RETAIN_SELF = YES;
				CLANG_WARN_OBJC_LITERAL_CONVERSION = YES;
				CLANG_WARN_OBJC_ROOT_CLASS = YES_ERROR;
				CLANG_WARN_QUOTED_INCLUDE_IN_FRAMEWORK_HEADER = YES;
				CLANG_WARN_RANGE_LOOP_ANALYSIS = YES;
				CLANG_WARN_STRICT_PROTOTYPES = YES;
				CLANG_WARN_SUSPICIOUS_MOVE = YES;
				CLANG_WARN_UNGUARDED_AVAILABILITY = YES_AGGRESSIVE;
				CLANG_WARN_UNREACHABLE_CODE = YES;
				CLANG_WARN__DUPLICATE_METHOD_MATCH = YES;
				COPY_PHASE_STRIP = NO;
				DEBUG_INFORMATION_FORMAT = dwarf;
				ENABLE_STRICT_OBJC_MSGSEND = YES;
				ENABLE_TESTABILITY = YES;
				ENABLE_USER_SCRIPT_SANDBOXING = YES;
				GCC_C_LANGUAGE_STANDARD = gnu17;
				GCC_DYNAMIC_NO_PIC = NO;
				GCC_NO_COMMON_BLOCKS = YES;
				GCC_OPTIMIZATION_LEVEL = 0;
				GCC_PREPROCESSOR_DEFINITIONS = (
					"DEBUG=1",
					"$(inherited)",
				);
				GCC_WARN_64_TO_32_BIT_CONVERSION = YES;
				GCC_WARN_ABOUT_RETURN_TYPE = YES_ERROR;
				GCC_WARN_UNDECLARED_SELECTOR = YES;
				GCC_WARN_UNINITIALIZED_AUTOS = YES_AGGRESSIVE;
				GCC_WARN_UNUSED_FUNCTION = YES;
				GCC_WARN_UNUSED_VARIABLE = YES;
				IPHONEOS_DEPLOYMENT_TARGET = 17.0;
				LOCALIZATION_PREFERS_STRING_CATALOGS = YES;
				MTL_ENABLE_DEBUG_INFO = INCLUDE_SOURCE;
				MTL_FAST_MATH = YES;
				ONLY_ACTIVE_ARCH = YES;
				SDKROOT = iphoneos;
				SWIFT_ACTIVE_COMPILATION_CONDITIONS = "DEBUG $(inherited)";
				SWIFT_OPTIMIZATION_LEVEL = "-Onone";
			};
			name = Debug;
		};
		444D2ED22C5767980019A966 /* Release */ = {
			isa = XCBuildConfiguration;
			buildSettings = {
				ALWAYS_SEARCH_USER_PATHS = NO;
				ASSETCATALOG_COMPILER_GENERATE_SWIFT_ASSET_SYMBOL_EXTENSIONS = YES;
				CLANG_ANALYZER_NONNULL = YES;
				CLANG_ANALYZER_NUMBER_OBJECT_CONVERSION = YES_AGGRESSIVE;
				CLANG_CXX_LANGUAGE_STANDARD = "gnu++20";
				CLANG_ENABLE_MODULES = YES;
				CLANG_ENABLE_OBJC_ARC = YES;
				CLANG_ENABLE_OBJC_WEAK = YES;
				CLANG_WARN_BLOCK_CAPTURE_AUTORELEASING = YES;
				CLANG_WARN_BOOL_CONVERSION = YES;
				CLANG_WARN_COMMA = YES;
				CLANG_WARN_CONSTANT_CONVERSION = YES;
				CLANG_WARN_DEPRECATED_OBJC_IMPLEMENTATIONS = YES;
				CLANG_WARN_DIRECT_OBJC_ISA_USAGE = YES_ERROR;
				CLANG_WARN_DOCUMENTATION_COMMENTS = YES;
				CLANG_WARN_EMPTY_BODY = YES;
				CLANG_WARN_ENUM_CONVERSION = YES;
				CLANG_WARN_INFINITE_RECURSION = YES;
				CLANG_WARN_INT_CONVERSION = YES;
				CLANG_WARN_NON_LITERAL_NULL_CONVERSION = YES;
				CLANG_WARN_OBJC_IMPLICIT_RETAIN_SELF = YES;
				CLANG_WARN_OBJC_LITERAL_CONVERSION = YES;
				CLANG_WARN_OBJC_ROOT_CLASS = YES_ERROR;
				CLANG_WARN_QUOTED_INCLUDE_IN_FRAMEWORK_HEADER = YES;
				CLANG_WARN_RANGE_LOOP_ANALYSIS = YES;
				CLANG_WARN_STRICT_PROTOTYPES = YES;
				CLANG_WARN_SUSPICIOUS_MOVE = YES;
				CLANG_WARN_UNGUARDED_AVAILABILITY = YES_AGGRESSIVE;
				CLANG_WARN_UNREACHABLE_CODE = YES;
				CLANG_WARN__DUPLICATE_METHOD_MATCH = YES;
				COPY_PHASE_STRIP = NO;
				DEBUG_INFORMATION_FORMAT = "dwarf-with-dsym";
				ENABLE_NS_ASSERTIONS = NO;
				ENABLE_STRICT_OBJC_MSGSEND = YES;
				ENABLE_USER_SCRIPT_SANDBOXING = YES;
				GCC_C_LANGUAGE_STANDARD = gnu17;
				GCC_NO_COMMON_BLOCKS = YES;
				GCC_WARN_64_TO_32_BIT_CONVERSION = YES;
				GCC_WARN_ABOUT_RETURN_TYPE = YES_ERROR;
				GCC_WARN_UNDECLARED_SELECTOR = YES;
				GCC_WARN_UNINITIALIZED_AUTOS = YES_AGGRESSIVE;
				GCC_WARN_UNUSED_FUNCTION = YES;
				GCC_WARN_UNUSED_VARIABLE = YES;
				IPHONEOS_DEPLOYMENT_TARGET = 17.0;
				LOCALIZATION_PREFERS_STRING_CATALOGS = YES;
				MTL_ENABLE_DEBUG_INFO = NO;
				MTL_FAST_MATH = YES;
				SDKROOT = iphoneos;
				SWIFT_COMPILATION_MODE = wholemodule;
				VALIDATE_PRODUCT = YES;
			};
			name = Release;
		};
		444D2ED42C5767980019A966 /* Debug */ = {
			isa = XCBuildConfiguration;
			buildSettings = {
				ASSETCATALOG_COMPILER_APPICON_NAME = AppIcon;
				ASSETCATALOG_COMPILER_GLOBAL_ACCENT_COLOR_NAME = AccentColor;
				CODE_SIGN_STYLE = Automatic;
				CURRENT_PROJECT_VERSION = 1;
				DEVELOPMENT_ASSET_PATHS = "\"PiPi/Preview Content\"";
				DEVELOPMENT_TEAM = VV2G7CU8KX;
				ENABLE_PREVIEWS = YES;
				GENERATE_INFOPLIST_FILE = YES;
				INFOPLIST_FILE = PiPi/Info.plist;
				INFOPLIST_KEY_UIApplicationSceneManifest_Generation = YES;
				INFOPLIST_KEY_UIApplicationSupportsIndirectInputEvents = YES;
				INFOPLIST_KEY_UILaunchScreen_Generation = YES;
				INFOPLIST_KEY_UISupportedInterfaceOrientations_iPad = "UIInterfaceOrientationPortrait UIInterfaceOrientationPortraitUpsideDown UIInterfaceOrientationLandscapeLeft UIInterfaceOrientationLandscapeRight";
				INFOPLIST_KEY_UISupportedInterfaceOrientations_iPhone = "UIInterfaceOrientationPortrait UIInterfaceOrientationLandscapeLeft UIInterfaceOrientationLandscapeRight";
				INFOPLIST_KEY_UIUserInterfaceStyle = Light;
				LD_RUNPATH_SEARCH_PATHS = (
					"$(inherited)",
					"@executable_path/Frameworks",
				);
				MARKETING_VERSION = 1.0;
				PRODUCT_BUNDLE_IDENTIFIER = com.koatmilk.PiPi;
				PRODUCT_NAME = "$(TARGET_NAME)";
				SUPPORTED_PLATFORMS = "iphoneos iphonesimulator";
				SUPPORTS_MACCATALYST = NO;
				SUPPORTS_MAC_DESIGNED_FOR_IPHONE_IPAD = NO;
				SUPPORTS_XR_DESIGNED_FOR_IPHONE_IPAD = NO;
				SWIFT_EMIT_LOC_STRINGS = YES;
				SWIFT_VERSION = 5.0;
				TARGETED_DEVICE_FAMILY = 1;
			};
			name = Debug;
		};
		444D2ED52C5767980019A966 /* Release */ = {
			isa = XCBuildConfiguration;
			buildSettings = {
				ASSETCATALOG_COMPILER_APPICON_NAME = AppIcon;
				ASSETCATALOG_COMPILER_GLOBAL_ACCENT_COLOR_NAME = AccentColor;
				CODE_SIGN_STYLE = Automatic;
				CURRENT_PROJECT_VERSION = 1;
				DEVELOPMENT_ASSET_PATHS = "\"PiPi/Preview Content\"";
				DEVELOPMENT_TEAM = VV2G7CU8KX;
				ENABLE_PREVIEWS = YES;
				GENERATE_INFOPLIST_FILE = YES;
				INFOPLIST_FILE = PiPi/Info.plist;
				INFOPLIST_KEY_UIApplicationSceneManifest_Generation = YES;
				INFOPLIST_KEY_UIApplicationSupportsIndirectInputEvents = YES;
				INFOPLIST_KEY_UILaunchScreen_Generation = YES;
				INFOPLIST_KEY_UISupportedInterfaceOrientations_iPad = "UIInterfaceOrientationPortrait UIInterfaceOrientationPortraitUpsideDown UIInterfaceOrientationLandscapeLeft UIInterfaceOrientationLandscapeRight";
				INFOPLIST_KEY_UISupportedInterfaceOrientations_iPhone = "UIInterfaceOrientationPortrait UIInterfaceOrientationLandscapeLeft UIInterfaceOrientationLandscapeRight";
				INFOPLIST_KEY_UIUserInterfaceStyle = Light;
				LD_RUNPATH_SEARCH_PATHS = (
					"$(inherited)",
					"@executable_path/Frameworks",
				);
				MARKETING_VERSION = 1.0;
				PRODUCT_BUNDLE_IDENTIFIER = com.koatmilk.PiPi;
				PRODUCT_NAME = "$(TARGET_NAME)";
				SUPPORTED_PLATFORMS = "iphoneos iphonesimulator";
				SUPPORTS_MACCATALYST = NO;
				SUPPORTS_MAC_DESIGNED_FOR_IPHONE_IPAD = NO;
				SUPPORTS_XR_DESIGNED_FOR_IPHONE_IPAD = NO;
				SWIFT_EMIT_LOC_STRINGS = YES;
				SWIFT_VERSION = 5.0;
				TARGETED_DEVICE_FAMILY = 1;
			};
			name = Release;
		};
/* End XCBuildConfiguration section */

/* Begin XCConfigurationList section */
		444D2EC02C5767970019A966 /* Build configuration list for PBXProject "PiPi" */ = {
			isa = XCConfigurationList;
			buildConfigurations = (
				444D2ED12C5767980019A966 /* Debug */,
				444D2ED22C5767980019A966 /* Release */,
			);
			defaultConfigurationIsVisible = 0;
			defaultConfigurationName = Release;
		};
		444D2ED32C5767980019A966 /* Build configuration list for PBXNativeTarget "PiPi" */ = {
			isa = XCConfigurationList;
			buildConfigurations = (
				444D2ED42C5767980019A966 /* Debug */,
				444D2ED52C5767980019A966 /* Release */,
			);
			defaultConfigurationIsVisible = 0;
			defaultConfigurationName = Release;
		};
/* End XCConfigurationList section */

/* Begin XCRemoteSwiftPackageReference section */
		8D451A0A2C5A8F38005EA90A /* XCRemoteSwiftPackageReference "firebase-ios-sdk" */ = {
			isa = XCRemoteSwiftPackageReference;
			repositoryURL = "https://github.com/firebase/firebase-ios-sdk";
			requirement = {
				kind = upToNextMajorVersion;
				minimumVersion = 11.0.0;
			};
		};
		8D451A1D2C5BD061005EA90A /* XCRemoteSwiftPackageReference "CodeScanner" */ = {
			isa = XCRemoteSwiftPackageReference;
			repositoryURL = "https://github.com/twostraws/CodeScanner";
			requirement = {
				kind = upToNextMajorVersion;
				minimumVersion = 2.5.0;
			};
		};
/* End XCRemoteSwiftPackageReference section */

/* Begin XCSwiftPackageProductDependency section */
		8D451A0B2C5A8F38005EA90A /* FirebaseAnalytics */ = {
			isa = XCSwiftPackageProductDependency;
			package = 8D451A0A2C5A8F38005EA90A /* XCRemoteSwiftPackageReference "firebase-ios-sdk" */;
			productName = FirebaseAnalytics;
		};
		8D451A0D2C5A8F38005EA90A /* FirebaseDatabase */ = {
			isa = XCSwiftPackageProductDependency;
			package = 8D451A0A2C5A8F38005EA90A /* XCRemoteSwiftPackageReference "firebase-ios-sdk" */;
			productName = FirebaseDatabase;
		};
		8D451A1E2C5BD061005EA90A /* CodeScanner */ = {
			isa = XCSwiftPackageProductDependency;
			package = 8D451A1D2C5BD061005EA90A /* XCRemoteSwiftPackageReference "CodeScanner" */;
			productName = CodeScanner;
		};
/* End XCSwiftPackageProductDependency section */
	};
	rootObject = 444D2EBD2C5767970019A966 /* Project object */;
}
